
Microsoft Visual Studio Solution File, Format Version 12.00
# Visual Studio Version 17
VisualStudioVersion = 17.5.33414.496
MinimumVisualStudioVersion = 10.0.40219.1
Project("{FAE04EC0-301F-11D3-BF4B-00C04F79EFBC}") = "StudentInformation", "StudentInformation\StudentInformation.csproj", "{2B40D383-6F2D-44A6-A38F-67158050666D}"
EndProject
Global
	GlobalSection(SolutionConfigurationPlatforms) = preSolution
		Debug|Any CPU = Debug|Any CPU
		Release|Any CPU = Release|Any CPU
	EndGlobalSection
	GlobalSection(ProjectConfigurationPlatforms) = postSolution
		{2B40D383-6F2D-44A6-A38F-67158050666D}.Debug|Any CPU.ActiveCfg = Debug|Any CPU
		{2B40D383-6F2D-44A6-A38F-67158050666D}.Debug|Any CPU.Build.0 = Debug|Any CPU
		{2B40D383-6F2D-44A6-A38F-67158050666D}.Release|Any CPU.ActiveCfg = Release|Any CPU
		{2B40D383-6F2D-44A6-A38F-67158050666D}.Release|Any CPU.Build.0 = Release|Any CPU
	EndGlobalSection
	GlobalSection(SolutionProperties) = preSolution
		HideSolutionNode = FALSE
	EndGlobalSection
	GlobalSection(ExtensibilityGlobals) = postSolution
		SolutionGuid = {C017530B-270C-4A47-91D3-FD8A741AC333}
	EndGlobalSection
EndGlobal
